
Microsoft Visual Studio Solution File, Format Version 12.00
# Visual Studio Version 17
VisualStudioVersion = 17.10.34928.147
MinimumVisualStudioVersion = 10.0.40219.1
Project("{FAE04EC0-301F-11D3-BF4B-00C04F79EFBC}") = "BasicDbHandling", "BasicDbHandling.csproj", "{344F66E7-69B2-4A84-AB4C-6441B67146A8}"
EndProject
Global
	GlobalSection(SolutionConfigurationPlatforms) = preSolution
		Debug|Any CPU = Debug|Any CPU
		Release|Any CPU = Release|Any CPU
	EndGlobalSection
	GlobalSection(ProjectConfigurationPlatforms) = postSolution
		{344F66E7-69B2-4A84-AB4C-6441B67146A8}.Debug|Any CPU.ActiveCfg = Debug|Any CPU
		{344F66E7-69B2-4A84-AB4C-6441B67146A8}.Debug|Any CPU.Build.0 = Debug|Any CPU
		{344F66E7-69B2-4A84-AB4C-6441B67146A8}.Release|Any CPU.ActiveCfg = Release|Any CPU
		{344F66E7-69B2-4A84-AB4C-6441B67146A8}.Release|Any CPU.Build.0 = Release|Any CPU
	EndGlobalSection
	GlobalSection(SolutionProperties) = preSolution
		HideSolutionNode = FALSE
	EndGlobalSection
	GlobalSection(ExtensibilityGlobals) = postSolution
		SolutionGuid = {A9EA51A7-6CAD-472A-88EF-B9DB62E9B6FA}
	EndGlobalSection
EndGlobal
